
Microsoft Visual Studio Solution File, Format Version 12.00
# Visual Studio Version 17
VisualStudioVersion = 17.14.36212.18 d17.14
MinimumVisualStudioVersion = 10.0.40219.1
Project("{FAE04EC0-301F-11D3-BF4B-00C04F79EFBC}") = "StudentManagementSystem", "StudentManagementSystem\StudentManagementSystem.csproj", "{A51D00B7-1B36-46F5-975B-111EAA502B07}"
EndProject
Global
	GlobalSection(SolutionConfigurationPlatforms) = preSolution
		Debug|Any CPU = Debug|Any CPU
		Release|Any CPU = Release|Any CPU
	EndGlobalSection
	GlobalSection(ProjectConfigurationPlatforms) = postSolution
		{A51D00B7-1B36-46F5-975B-111EAA502B07}.Debug|Any CPU.ActiveCfg = Debug|Any CPU
		{A51D00B7-1B36-46F5-975B-111EAA502B07}.Debug|Any CPU.Build.0 = Debug|Any CPU
		{A51D00B7-1B36-46F5-975B-111EAA502B07}.Release|Any CPU.ActiveCfg = Release|Any CPU
		{A51D00B7-1B36-46F5-975B-111EAA502B07}.Release|Any CPU.Build.0 = Release|Any CPU
	EndGlobalSection
	GlobalSection(SolutionProperties) = preSolution
		HideSolutionNode = FALSE
	EndGlobalSection
	GlobalSection(ExtensibilityGlobals) = postSolution
		SolutionGuid = {30AB68D8-1B43-4AE4-9B3D-08981F67F0FC}
	EndGlobalSection
EndGlobal
