
Microsoft Visual Studio Solution File, Format Version 12.00
# Visual Studio Version 17
VisualStudioVersion = 17.14.36221.1 d17.14
MinimumVisualStudioVersion = 10.0.40219.1
Project("{FAE04EC0-301F-11D3-BF4B-00C04F79EFBC}") = "practical", "practical\practical.csproj", "{9E0C050E-804A-4314-A7DB-56552FDA5FA6}"
EndProject
Global
	GlobalSection(SolutionConfigurationPlatforms) = preSolution
		Debug|Any CPU = Debug|Any CPU
		Release|Any CPU = Release|Any CPU
	EndGlobalSection
	GlobalSection(ProjectConfigurationPlatforms) = postSolution
		{9E0C050E-804A-4314-A7DB-56552FDA5FA6}.Debug|Any CPU.ActiveCfg = Debug|Any CPU
		{9E0C050E-804A-4314-A7DB-56552FDA5FA6}.Debug|Any CPU.Build.0 = Debug|Any CPU
		{9E0C050E-804A-4314-A7DB-56552FDA5FA6}.Release|Any CPU.ActiveCfg = Release|Any CPU
		{9E0C050E-804A-4314-A7DB-56552FDA5FA6}.Release|Any CPU.Build.0 = Release|Any CPU
	EndGlobalSection
	GlobalSection(SolutionProperties) = preSolution
		HideSolutionNode = FALSE
	EndGlobalSection
	GlobalSection(ExtensibilityGlobals) = postSolution
		SolutionGuid = {DDB9D69C-C29D-4BDF-A02D-A2793A7FB0CB}
	EndGlobalSection
EndGlobal
